// !$*UTF8*$!
{
	archiveVersion = 1;
	classes = {
	};
	objectVersion = 56;
	objects = {

/* Begin PBXBuildFile section */
		52033FCB295C34640032913C /* HomeView.swift in Sources */ = {isa = PBXBuildFile; fileRef = 52033FCA295C34640032913C /* HomeView.swift */; };
		52033FCD295C34B30032913C /* CircleButton.swift in Sources */ = {isa = PBXBuildFile; fileRef = 52033FCC295C34B30032913C /* CircleButton.swift */; };
		52033FCF295C39D10032913C /* CircleButtonAnimationView.swift in Sources */ = {isa = PBXBuildFile; fileRef = 52033FCE295C39D10032913C /* CircleButtonAnimationView.swift */; };
		5211BB242964171500D2E61D /* LocalFileManager.swift in Sources */ = {isa = PBXBuildFile; fileRef = 5211BB232964171500D2E61D /* LocalFileManager.swift */; };
		521BA799295DFF84003FC31B /* CoinRowView.swift in Sources */ = {isa = PBXBuildFile; fileRef = 521BA798295DFF84003FC31B /* CoinRowView.swift */; };
		521BA79B295E00DC003FC31B /* Double.swift in Sources */ = {isa = PBXBuildFile; fileRef = 521BA79A295E00DC003FC31B /* Double.swift */; };
		52245724295D38E900689639 /* CoinModel.swift in Sources */ = {isa = PBXBuildFile; fileRef = 52245723295D38E900689639 /* CoinModel.swift */; };
		52253AAB29601BE7008A1F7C /* CoinDataController.swift in Sources */ = {isa = PBXBuildFile; fileRef = 52253AAA29601BE7008A1F7C /* CoinDataController.swift */; };
		52253AAE296044D6008A1F7C /* NetworkManager.swift in Sources */ = {isa = PBXBuildFile; fileRef = 52253AAD296044D6008A1F7C /* NetworkManager.swift */; };
		52253AB2296052D7008A1F7C /* CoinImageViewModel.swift in Sources */ = {isa = PBXBuildFile; fileRef = 52253AB1296052D7008A1F7C /* CoinImageViewModel.swift */; };
		524FBE8F29605586005DFF62 /* CoinImageView.swift in Sources */ = {isa = PBXBuildFile; fileRef = 524FBE8E29605586005DFF62 /* CoinImageView.swift */; };
		524FBE9129605652005DFF62 /* CoinImageDataController.swift in Sources */ = {isa = PBXBuildFile; fileRef = 524FBE9029605652005DFF62 /* CoinImageDataController.swift */; };
		525ADC332951659F0032C64C /* CryptoTrackerApp.swift in Sources */ = {isa = PBXBuildFile; fileRef = 525ADC322951659F0032C64C /* CryptoTrackerApp.swift */; };
		525ADC352951659F0032C64C /* ContentView.swift in Sources */ = {isa = PBXBuildFile; fileRef = 525ADC342951659F0032C64C /* ContentView.swift */; };
		525ADC3A295165A00032C64C /* Preview Assets.xcassets in Resources */ = {isa = PBXBuildFile; fileRef = 525ADC39295165A00032C64C /* Preview Assets.xcassets */; };
		525ADC41295166DE0032C64C /* Assets.xcassets in Resources */ = {isa = PBXBuildFile; fileRef = 525ADC40295166DE0032C64C /* Assets.xcassets */; };
		525ADC4429516A2D0032C64C /* ColorExtention.swift in Sources */ = {isa = PBXBuildFile; fileRef = 525ADC4329516A2D0032C64C /* ColorExtention.swift */; };
		525BC81B295E6F8E007D8CDE /* HomeViewModel.swift in Sources */ = {isa = PBXBuildFile; fileRef = 525BC81A295E6F8E007D8CDE /* HomeViewModel.swift */; };
		526459D32965581C001E6803 /* SearchBarView.swift in Sources */ = {isa = PBXBuildFile; fileRef = 526459D22965581C001E6803 /* SearchBarView.swift */; };
		526459D629655E6D001E6803 /* UIApplication.swift in Sources */ = {isa = PBXBuildFile; fileRef = 526459D529655E6D001E6803 /* UIApplication.swift */; };
/* End PBXBuildFile section */

/* Begin PBXFileReference section */
		52033FCA295C34640032913C /* HomeView.swift */ = {isa = PBXFileReference; lastKnownFileType = sourcecode.swift; path = HomeView.swift; sourceTree = "<group>"; };
		52033FCC295C34B30032913C /* CircleButton.swift */ = {isa = PBXFileReference; lastKnownFileType = sourcecode.swift; path = CircleButton.swift; sourceTree = "<group>"; };
		52033FCE295C39D10032913C /* CircleButtonAnimationView.swift */ = {isa = PBXFileReference; lastKnownFileType = sourcecode.swift; path = CircleButtonAnimationView.swift; sourceTree = "<group>"; };
		5211BB232964171500D2E61D /* LocalFileManager.swift */ = {isa = PBXFileReference; lastKnownFileType = sourcecode.swift; path = LocalFileManager.swift; sourceTree = "<group>"; };
		521BA798295DFF84003FC31B /* CoinRowView.swift */ = {isa = PBXFileReference; lastKnownFileType = sourcecode.swift; path = CoinRowView.swift; sourceTree = "<group>"; };
		521BA79A295E00DC003FC31B /* Double.swift */ = {isa = PBXFileReference; lastKnownFileType = sourcecode.swift; path = Double.swift; sourceTree = "<group>"; };
		52245723295D38E900689639 /* CoinModel.swift */ = {isa = PBXFileReference; fileEncoding = 4; lastKnownFileType = sourcecode.swift; name = CoinModel.swift; path = "../../../../../Downloads/Resources 2/Models/CoinModel.swift"; sourceTree = "<group>"; };
		52253AAA29601BE7008A1F7C /* CoinDataController.swift */ = {isa = PBXFileReference; lastKnownFileType = sourcecode.swift; path = CoinDataController.swift; sourceTree = "<group>"; };
		52253AAD296044D6008A1F7C /* NetworkManager.swift */ = {isa = PBXFileReference; lastKnownFileType = sourcecode.swift; path = NetworkManager.swift; sourceTree = "<group>"; };
		52253AB1296052D7008A1F7C /* CoinImageViewModel.swift */ = {isa = PBXFileReference; lastKnownFileType = sourcecode.swift; path = CoinImageViewModel.swift; sourceTree = "<group>"; };
		524FBE8E29605586005DFF62 /* CoinImageView.swift */ = {isa = PBXFileReference; lastKnownFileType = sourcecode.swift; path = CoinImageView.swift; sourceTree = "<group>"; };
		524FBE9029605652005DFF62 /* CoinImageDataController.swift */ = {isa = PBXFileReference; lastKnownFileType = sourcecode.swift; path = CoinImageDataController.swift; sourceTree = "<group>"; };
		525ADC2F2951659F0032C64C /* CryptoTracker.app */ = {isa = PBXFileReference; explicitFileType = wrapper.application; includeInIndex = 0; path = CryptoTracker.app; sourceTree = BUILT_PRODUCTS_DIR; };
		525ADC322951659F0032C64C /* CryptoTrackerApp.swift */ = {isa = PBXFileReference; lastKnownFileType = sourcecode.swift; path = CryptoTrackerApp.swift; sourceTree = "<group>"; };
		525ADC342951659F0032C64C /* ContentView.swift */ = {isa = PBXFileReference; lastKnownFileType = sourcecode.swift; path = ContentView.swift; sourceTree = "<group>"; };
		525ADC39295165A00032C64C /* Preview Assets.xcassets */ = {isa = PBXFileReference; lastKnownFileType = folder.assetcatalog; path = "Preview Assets.xcassets"; sourceTree = "<group>"; };
		525ADC40295166DE0032C64C /* Assets.xcassets */ = {isa = PBXFileReference; lastKnownFileType = folder.assetcatalog; name = Assets.xcassets; path = ../../../../Downloads/Resources/Assets.xcassets; sourceTree = "<group>"; };
		525ADC4329516A2D0032C64C /* ColorExtention.swift */ = {isa = PBXFileReference; lastKnownFileType = sourcecode.swift; path = ColorExtention.swift; sourceTree = "<group>"; };
		525BC81A295E6F8E007D8CDE /* HomeViewModel.swift */ = {isa = PBXFileReference; lastKnownFileType = sourcecode.swift; path = HomeViewModel.swift; sourceTree = "<group>"; };
		526459D22965581C001E6803 /* SearchBarView.swift */ = {isa = PBXFileReference; lastKnownFileType = sourcecode.swift; path = SearchBarView.swift; sourceTree = "<group>"; };
		526459D529655E6D001E6803 /* UIApplication.swift */ = {isa = PBXFileReference; lastKnownFileType = sourcecode.swift; path = UIApplication.swift; sourceTree = "<group>"; };
/* End PBXFileReference section */

/* Begin PBXFrameworksBuildPhase section */
		525ADC2C2951659F0032C64C /* Frameworks */ = {
			isa = PBXFrameworksBuildPhase;
			buildActionMask = 2147483647;
			files = (
			);
			runOnlyForDeploymentPostprocessing = 0;
		};
/* End PBXFrameworksBuildPhase section */

/* Begin PBXGroup section */
		52033FC5295C34140032913C /* Core */ = {
			isa = PBXGroup;
			children = (
				52033FC6295C34280032913C /* Home */,
				52033FC7295C343B0032913C /* Components */,
			);
			path = Core;
			sourceTree = "<group>";
		};
		52033FC6295C34280032913C /* Home */ = {
			isa = PBXGroup;
			children = (
				52033FC9295C344E0032913C /* Views */,
			);
			path = Home;
			sourceTree = "<group>";
		};
		52033FC7295C343B0032913C /* Components */ = {
			isa = PBXGroup;
			children = (
				52253AB4296053CE008A1F7C /* CoinImage */,
				52253AB3296053BF008A1F7C /* CircleButton */,
				526459D429655B74001E6803 /* SearchBarView */,
			);
			path = Components;
			sourceTree = "<group>";
		};
		52033FC9295C344E0032913C /* Views */ = {
			isa = PBXGroup;
			children = (
				52033FCA295C34640032913C /* HomeView.swift */,
				525BC81A295E6F8E007D8CDE /* HomeViewModel.swift */,
				521BA798295DFF84003FC31B /* CoinRowView.swift */,
			);
			path = Views;
			sourceTree = "<group>";
		};
		52245722295D38DD00689639 /* Models */ = {
			isa = PBXGroup;
			children = (
				52245723295D38E900689639 /* CoinModel.swift */,
			);
			path = Models;
			sourceTree = "<group>";
		};
		52253AA929601BCB008A1F7C /* DataController */ = {
			isa = PBXGroup;
			children = (
				52253AAA29601BE7008A1F7C /* CoinDataController.swift */,
				524FBE9029605652005DFF62 /* CoinImageDataController.swift */,
			);
			path = DataController;
			sourceTree = "<group>";
		};
		52253AAC296044BF008A1F7C /* Managers */ = {
			isa = PBXGroup;
			children = (
				52253AAD296044D6008A1F7C /* NetworkManager.swift */,
				5211BB232964171500D2E61D /* LocalFileManager.swift */,
			);
			path = Managers;
			sourceTree = "<group>";
		};
		52253AB3296053BF008A1F7C /* CircleButton */ = {
			isa = PBXGroup;
			children = (
				52033FCC295C34B30032913C /* CircleButton.swift */,
				52033FCE295C39D10032913C /* CircleButtonAnimationView.swift */,
			);
			path = CircleButton;
			sourceTree = "<group>";
		};
		52253AB4296053CE008A1F7C /* CoinImage */ = {
			isa = PBXGroup;
			children = (
				524FBE8E29605586005DFF62 /* CoinImageView.swift */,
				52253AB1296052D7008A1F7C /* CoinImageViewModel.swift */,
			);
			path = CoinImage;
			sourceTree = "<group>";
		};
		525ADC262951659F0032C64C = {
			isa = PBXGroup;
			children = (
				525ADC312951659F0032C64C /* CryptoTracker */,
				525ADC302951659F0032C64C /* Products */,
			);
			sourceTree = "<group>";
		};
		525ADC302951659F0032C64C /* Products */ = {
			isa = PBXGroup;
			children = (
				525ADC2F2951659F0032C64C /* CryptoTracker.app */,
			);
			name = Products;
			sourceTree = "<group>";
		};
		525ADC312951659F0032C64C /* CryptoTracker */ = {
			isa = PBXGroup;
			children = (
				525ADC322951659F0032C64C /* CryptoTrackerApp.swift */,
				525ADC342951659F0032C64C /* ContentView.swift */,
				52033FC5295C34140032913C /* Core */,
				52253AA929601BCB008A1F7C /* DataController */,
				52253AAC296044BF008A1F7C /* Managers */,
				52245722295D38DD00689639 /* Models */,
				525ADC4229516A160032C64C /* Extentions */,
				525ADC40295166DE0032C64C /* Assets.xcassets */,
				525ADC38295165A00032C64C /* Preview Content */,
			);
			path = CryptoTracker;
			sourceTree = "<group>";
		};
		525ADC38295165A00032C64C /* Preview Content */ = {
			isa = PBXGroup;
			children = (
				525ADC39295165A00032C64C /* Preview Assets.xcassets */,
			);
			path = "Preview Content";
			sourceTree = "<group>";
		};
		525ADC4229516A160032C64C /* Extentions */ = {
			isa = PBXGroup;
			children = (
				525ADC4329516A2D0032C64C /* ColorExtention.swift */,
				521BA79A295E00DC003FC31B /* Double.swift */,
				526459D529655E6D001E6803 /* UIApplication.swift */,
			);
			path = Extentions;
			sourceTree = "<group>";
		};
		526459D429655B74001E6803 /* SearchBarView */ = {
			isa = PBXGroup;
			children = (
				526459D22965581C001E6803 /* SearchBarView.swift */,
			);
			path = SearchBarView;
			sourceTree = "<group>";
		};
/* End PBXGroup section */

/* Begin PBXNativeTarget section */
		525ADC2E2951659F0032C64C /* CryptoTracker */ = {
			isa = PBXNativeTarget;
			buildConfigurationList = 525ADC3D295165A00032C64C /* Build configuration list for PBXNativeTarget "CryptoTracker" */;
			buildPhases = (
				525ADC2B2951659F0032C64C /* Sources */,
				525ADC2C2951659F0032C64C /* Frameworks */,
				525ADC2D2951659F0032C64C /* Resources */,
			);
			buildRules = (
			);
			dependencies = (
			);
			name = CryptoTracker;
			productName = CryptoTracker;
			productReference = 525ADC2F2951659F0032C64C /* CryptoTracker.app */;
			productType = "com.apple.product-type.application";
		};
/* End PBXNativeTarget section */

/* Begin PBXProject section */
		525ADC272951659F0032C64C /* Project object */ = {
			isa = PBXProject;
			attributes = {
				BuildIndependentTargetsInParallel = 1;
				LastSwiftUpdateCheck = 1420;
				LastUpgradeCheck = 1420;
				TargetAttributes = {
					525ADC2E2951659F0032C64C = {
						CreatedOnToolsVersion = 14.2;
					};
				};
			};
			buildConfigurationList = 525ADC2A2951659F0032C64C /* Build configuration list for PBXProject "CryptoTracker" */;
			compatibilityVersion = "Xcode 14.0";
			developmentRegion = en;
			hasScannedForEncodings = 0;
			knownRegions = (
				en,
				Base,
			);
			mainGroup = 525ADC262951659F0032C64C;
			productRefGroup = 525ADC302951659F0032C64C /* Products */;
			projectDirPath = "";
			projectRoot = "";
			targets = (
				525ADC2E2951659F0032C64C /* CryptoTracker */,
			);
		};
/* End PBXProject section */

/* Begin PBXResourcesBuildPhase section */
		525ADC2D2951659F0032C64C /* Resources */ = {
			isa = PBXResourcesBuildPhase;
			buildActionMask = 2147483647;
			files = (
				525ADC3A295165A00032C64C /* Preview Assets.xcassets in Resources */,
				525ADC41295166DE0032C64C /* Assets.xcassets in Resources */,
			);
			runOnlyForDeploymentPostprocessing = 0;
		};
/* End PBXResourcesBuildPhase section */

/* Begin PBXSourcesBuildPhase section */
		525ADC2B2951659F0032C64C /* Sources */ = {
			isa = PBXSourcesBuildPhase;
			buildActionMask = 2147483647;
			files = (
				526459D629655E6D001E6803 /* UIApplication.swift in Sources */,
				52253AAE296044D6008A1F7C /* NetworkManager.swift in Sources */,
				52033FCD295C34B30032913C /* CircleButton.swift in Sources */,
				52253AB2296052D7008A1F7C /* CoinImageViewModel.swift in Sources */,
				525ADC4429516A2D0032C64C /* ColorExtention.swift in Sources */,
				52033FCB295C34640032913C /* HomeView.swift in Sources */,
				524FBE8F29605586005DFF62 /* CoinImageView.swift in Sources */,
				524FBE9129605652005DFF62 /* CoinImageDataController.swift in Sources */,
				5211BB242964171500D2E61D /* LocalFileManager.swift in Sources */,
				525BC81B295E6F8E007D8CDE /* HomeViewModel.swift in Sources */,
				525ADC352951659F0032C64C /* ContentView.swift in Sources */,
				525ADC332951659F0032C64C /* CryptoTrackerApp.swift in Sources */,
				521BA799295DFF84003FC31B /* CoinRowView.swift in Sources */,
				52033FCF295C39D10032913C /* CircleButtonAnimationView.swift in Sources */,
				521BA79B295E00DC003FC31B /* Double.swift in Sources */,
				52245724295D38E900689639 /* CoinModel.swift in Sources */,
				526459D32965581C001E6803 /* SearchBarView.swift in Sources */,
				52253AAB29601BE7008A1F7C /* CoinDataController.swift in Sources */,
			);
			runOnlyForDeploymentPostprocessing = 0;
		};
/* End PBXSourcesBuildPhase section */

/* Begin XCBuildConfiguration section */
		525ADC3B295165A00032C64C /* Debug */ = {
			isa = XCBuildConfiguration;
			buildSettings = {
				ALWAYS_SEARCH_USER_PATHS = NO;
				CLANG_ANALYZER_NONNULL = YES;
				CLANG_ANALYZER_NUMBER_OBJECT_CONVERSION = YES_AGGRESSIVE;
				CLANG_CXX_LANGUAGE_STANDARD = "gnu++20";
				CLANG_ENABLE_MODULES = YES;
				CLANG_ENABLE_OBJC_ARC = YES;
				CLANG_ENABLE_OBJC_WEAK = YES;
				CLANG_WARN_BLOCK_CAPTURE_AUTORELEASING = YES;
				CLANG_WARN_BOOL_CONVERSION = YES;
				CLANG_WARN_COMMA = YES;
				CLANG_WARN_CONSTANT_CONVERSION = YES;
				CLANG_WARN_DEPRECATED_OBJC_IMPLEMENTATIONS = YES;
				CLANG_WARN_DIRECT_OBJC_ISA_USAGE = YES_ERROR;
				CLANG_WARN_DOCUMENTATION_COMMENTS = YES;
				CLANG_WARN_EMPTY_BODY = YES;
				CLANG_WARN_ENUM_CONVERSION = YES;
				CLANG_WARN_INFINITE_RECURSION = YES;
				CLANG_WARN_INT_CONVERSION = YES;
				CLANG_WARN_NON_LITERAL_NULL_CONVERSION = YES;
				CLANG_WARN_OBJC_IMPLICIT_RETAIN_SELF = YES;
				CLANG_WARN_OBJC_LITERAL_CONVERSION = YES;
				CLANG_WARN_OBJC_ROOT_CLASS = YES_ERROR;
				CLANG_WARN_QUOTED_INCLUDE_IN_FRAMEWORK_HEADER = YES;
				CLANG_WARN_RANGE_LOOP_ANALYSIS = YES;
				CLANG_WARN_STRICT_PROTOTYPES = YES;
				CLANG_WARN_SUSPICIOUS_MOVE = YES;
				CLANG_WARN_UNGUARDED_AVAILABILITY = YES_AGGRESSIVE;
				CLANG_WARN_UNREACHABLE_CODE = YES;
				CLANG_WARN__DUPLICATE_METHOD_MATCH = YES;
				COPY_PHASE_STRIP = NO;
				DEBUG_INFORMATION_FORMAT = dwarf;
				ENABLE_STRICT_OBJC_MSGSEND = YES;
				ENABLE_TESTABILITY = YES;
				GCC_C_LANGUAGE_STANDARD = gnu11;
				GCC_DYNAMIC_NO_PIC = NO;
				GCC_NO_COMMON_BLOCKS = YES;
				GCC_OPTIMIZATION_LEVEL = 0;
				GCC_PREPROCESSOR_DEFINITIONS = (
					"DEBUG=1",
					"$(inherited)",
				);
				GCC_WARN_64_TO_32_BIT_CONVERSION = YES;
				GCC_WARN_ABOUT_RETURN_TYPE = YES_ERROR;
				GCC_WARN_UNDECLARED_SELECTOR = YES;
				GCC_WARN_UNINITIALIZED_AUTOS = YES_AGGRESSIVE;
				GCC_WARN_UNUSED_FUNCTION = YES;
				GCC_WARN_UNUSED_VARIABLE = YES;
				IPHONEOS_DEPLOYMENT_TARGET = 16.2;
				MTL_ENABLE_DEBUG_INFO = INCLUDE_SOURCE;
				MTL_FAST_MATH = YES;
				ONLY_ACTIVE_ARCH = YES;
				SDKROOT = iphoneos;
				SWIFT_ACTIVE_COMPILATION_CONDITIONS = DEBUG;
				SWIFT_OPTIMIZATION_LEVEL = "-Onone";
			};
			name = Debug;
		};
		525ADC3C295165A00032C64C /* Release */ = {
			isa = XCBuildConfiguration;
			buildSettings = {
				ALWAYS_SEARCH_USER_PATHS = NO;
				CLANG_ANALYZER_NONNULL = YES;
				CLANG_ANALYZER_NUMBER_OBJECT_CONVERSION = YES_AGGRESSIVE;
				CLANG_CXX_LANGUAGE_STANDARD = "gnu++20";
				CLANG_ENABLE_MODULES = YES;
				CLANG_ENABLE_OBJC_ARC = YES;
				CLANG_ENABLE_OBJC_WEAK = YES;
				CLANG_WARN_BLOCK_CAPTURE_AUTORELEASING = YES;
				CLANG_WARN_BOOL_CONVERSION = YES;
				CLANG_WARN_COMMA = YES;
				CLANG_WARN_CONSTANT_CONVERSION = YES;
				CLANG_WARN_DEPRECATED_OBJC_IMPLEMENTATIONS = YES;
				CLANG_WARN_DIRECT_OBJC_ISA_USAGE = YES_ERROR;
				CLANG_WARN_DOCUMENTATION_COMMENTS = YES;
				CLANG_WARN_EMPTY_BODY = YES;
				CLANG_WARN_ENUM_CONVERSION = YES;
				CLANG_WARN_INFINITE_RECURSION = YES;
				CLANG_WARN_INT_CONVERSION = YES;
				CLANG_WARN_NON_LITERAL_NULL_CONVERSION = YES;
				CLANG_WARN_OBJC_IMPLICIT_RETAIN_SELF = YES;
				CLANG_WARN_OBJC_LITERAL_CONVERSION = YES;
				CLANG_WARN_OBJC_ROOT_CLASS = YES_ERROR;
				CLANG_WARN_QUOTED_INCLUDE_IN_FRAMEWORK_HEADER = YES;
				CLANG_WARN_RANGE_LOOP_ANALYSIS = YES;
				CLANG_WARN_STRICT_PROTOTYPES = YES;
				CLANG_WARN_SUSPICIOUS_MOVE = YES;
				CLANG_WARN_UNGUARDED_AVAILABILITY = YES_AGGRESSIVE;
				CLANG_WARN_UNREACHABLE_CODE = YES;
				CLANG_WARN__DUPLICATE_METHOD_MATCH = YES;
				COPY_PHASE_STRIP = NO;
				DEBUG_INFORMATION_FORMAT = "dwarf-with-dsym";
				ENABLE_NS_ASSERTIONS = NO;
				ENABLE_STRICT_OBJC_MSGSEND = YES;
				GCC_C_LANGUAGE_STANDARD = gnu11;
				GCC_NO_COMMON_BLOCKS = YES;
				GCC_WARN_64_TO_32_BIT_CONVERSION = YES;
				GCC_WARN_ABOUT_RETURN_TYPE = YES_ERROR;
				GCC_WARN_UNDECLARED_SELECTOR = YES;
				GCC_WARN_UNINITIALIZED_AUTOS = YES_AGGRESSIVE;
				GCC_WARN_UNUSED_FUNCTION = YES;
				GCC_WARN_UNUSED_VARIABLE = YES;
				IPHONEOS_DEPLOYMENT_TARGET = 16.2;
				MTL_ENABLE_DEBUG_INFO = NO;
				MTL_FAST_MATH = YES;
				SDKROOT = iphoneos;
				SWIFT_COMPILATION_MODE = wholemodule;
				SWIFT_OPTIMIZATION_LEVEL = "-O";
				VALIDATE_PRODUCT = YES;
			};
			name = Release;
		};
		525ADC3E295165A00032C64C /* Debug */ = {
			isa = XCBuildConfiguration;
			buildSettings = {
				ASSETCATALOG_COMPILER_APPICON_NAME = AppIcon;
				ASSETCATALOG_COMPILER_GLOBAL_ACCENT_COLOR_NAME = AccentColor;
				CODE_SIGN_STYLE = Automatic;
				CURRENT_PROJECT_VERSION = 1;
				DEVELOPMENT_ASSET_PATHS = "\"CryptoTracker/Preview Content\"";
				DEVELOPMENT_TEAM = YZ2HTNTHQP;
				ENABLE_PREVIEWS = YES;
				GENERATE_INFOPLIST_FILE = YES;
				INFOPLIST_KEY_UIApplicationSceneManifest_Generation = YES;
				INFOPLIST_KEY_UIApplicationSupportsIndirectInputEvents = YES;
				INFOPLIST_KEY_UILaunchScreen_Generation = YES;
				INFOPLIST_KEY_UISupportedInterfaceOrientations_iPad = "UIInterfaceOrientationPortrait UIInterfaceOrientationPortraitUpsideDown UIInterfaceOrientationLandscapeLeft UIInterfaceOrientationLandscapeRight";
				INFOPLIST_KEY_UISupportedInterfaceOrientations_iPhone = "UIInterfaceOrientationPortrait UIInterfaceOrientationLandscapeLeft UIInterfaceOrientationLandscapeRight";
				LD_RUNPATH_SEARCH_PATHS = (
					"$(inherited)",
					"@executable_path/Frameworks",
				);
				MARKETING_VERSION = 1.0;
				PRODUCT_BUNDLE_IDENTIFIER = com.jaejunshin.CryptoTracker;
				PRODUCT_NAME = "$(TARGET_NAME)";
				SWIFT_EMIT_LOC_STRINGS = YES;
				SWIFT_VERSION = 5.0;
				TARGETED_DEVICE_FAMILY = "1,2";
			};
			name = Debug;
		};
		525ADC3F295165A00032C64C /* Release */ = {
			isa = XCBuildConfiguration;
			buildSettings = {
				ASSETCATALOG_COMPILER_APPICON_NAME = AppIcon;
				ASSETCATALOG_COMPILER_GLOBAL_ACCENT_COLOR_NAME = AccentColor;
				CODE_SIGN_STYLE = Automatic;
				CURRENT_PROJECT_VERSION = 1;
				DEVELOPMENT_ASSET_PATHS = "\"CryptoTracker/Preview Content\"";
				DEVELOPMENT_TEAM = YZ2HTNTHQP;
				ENABLE_PREVIEWS = YES;
				GENERATE_INFOPLIST_FILE = YES;
				INFOPLIST_KEY_UIApplicationSceneManifest_Generation = YES;
				INFOPLIST_KEY_UIApplicationSupportsIndirectInputEvents = YES;
				INFOPLIST_KEY_UILaunchScreen_Generation = YES;
				INFOPLIST_KEY_UISupportedInterfaceOrientations_iPad = "UIInterfaceOrientationPortrait UIInterfaceOrientationPortraitUpsideDown UIInterfaceOrientationLandscapeLeft UIInterfaceOrientationLandscapeRight";
				INFOPLIST_KEY_UISupportedInterfaceOrientations_iPhone = "UIInterfaceOrientationPortrait UIInterfaceOrientationLandscapeLeft UIInterfaceOrientationLandscapeRight";
				LD_RUNPATH_SEARCH_PATHS = (
					"$(inherited)",
					"@executable_path/Frameworks",
				);
				MARKETING_VERSION = 1.0;
				PRODUCT_BUNDLE_IDENTIFIER = com.jaejunshin.CryptoTracker;
				PRODUCT_NAME = "$(TARGET_NAME)";
				SWIFT_EMIT_LOC_STRINGS = YES;
				SWIFT_VERSION = 5.0;
				TARGETED_DEVICE_FAMILY = "1,2";
			};
			name = Release;
		};
/* End XCBuildConfiguration section */

/* Begin XCConfigurationList section */
		525ADC2A2951659F0032C64C /* Build configuration list for PBXProject "CryptoTracker" */ = {
			isa = XCConfigurationList;
			buildConfigurations = (
				525ADC3B295165A00032C64C /* Debug */,
				525ADC3C295165A00032C64C /* Release */,
			);
			defaultConfigurationIsVisible = 0;
			defaultConfigurationName = Release;
		};
		525ADC3D295165A00032C64C /* Build configuration list for PBXNativeTarget "CryptoTracker" */ = {
			isa = XCConfigurationList;
			buildConfigurations = (
				525ADC3E295165A00032C64C /* Debug */,
				525ADC3F295165A00032C64C /* Release */,
			);
			defaultConfigurationIsVisible = 0;
			defaultConfigurationName = Release;
		};
/* End XCConfigurationList section */
	};
	rootObject = 525ADC272951659F0032C64C /* Project object */;
}
